
Microsoft Visual Studio Solution File, Format Version 12.00
# Visual Studio Version 16
Project("{8BC9CEB8-8B4A-11D0-8D11-00A0C91BC942}") = "ALL_BUILD", "ALL_BUILD.vcxproj", "{F1CAB248-F100-320E-A226-0016450411DE}"
	ProjectSection(ProjectDependencies) = postProject
		{F122F9F3-0233-3495-B66E-06D7C9CF1AE6} = {F122F9F3-0233-3495-B66E-06D7C9CF1AE6}
		{9CC16D91-7024-396F-AD5C-1A1229186EA7} = {9CC16D91-7024-396F-AD5C-1A1229186EA7}
	EndProjectSection
EndProject
Project("{8BC9CEB8-8B4A-11D0-8D11-00A0C91BC942}") = "INSTALL", "INSTALL.vcxproj", "{B7B4E90B-687C-3D21-81C1-85B9E20D8F37}"
	ProjectSection(ProjectDependencies) = postProject
		{F1CAB248-F100-320E-A226-0016450411DE} = {F1CAB248-F100-320E-A226-0016450411DE}
		{F122F9F3-0233-3495-B66E-06D7C9CF1AE6} = {F122F9F3-0233-3495-B66E-06D7C9CF1AE6}
	EndProjectSection
EndProject
Project("{8BC9CEB8-8B4A-11D0-8D11-00A0C91BC942}") = "ZERO_CHECK", "..\\ZERO_CHECK.vcxproj", "{F122F9F3-0233-3495-B66E-06D7C9CF1AE6}"
	ProjectSection(ProjectDependencies) = postProject
	EndProjectSection
EndProject
Project("{8BC9CEB8-8B4A-11D0-8D11-00A0C91BC942}") = "minhook", "minhook.vcxproj", "{9CC16D91-7024-396F-AD5C-1A1229186EA7}"
	ProjectSection(ProjectDependencies) = postProject
		{F122F9F3-0233-3495-B66E-06D7C9CF1AE6} = {F122F9F3-0233-3495-B66E-06D7C9CF1AE6}
	EndProjectSection
EndProject
Global
	GlobalSection(SolutionConfigurationPlatforms) = preSolution
		Debug|win32 = Debug|win32
		Release|win32 = Release|win32
		MinSizeRel|win32 = MinSizeRel|win32
		RelWithDebInfo|win32 = RelWithDebInfo|win32
	EndGlobalSection
	GlobalSection(ProjectConfigurationPlatforms) = postSolution
		{F1CAB248-F100-320E-A226-0016450411DE}.Debug|win32.ActiveCfg = Debug|win32
		{F1CAB248-F100-320E-A226-0016450411DE}.Debug|win32.Build.0 = Debug|win32
		{F1CAB248-F100-320E-A226-0016450411DE}.Release|win32.ActiveCfg = Release|win32
		{F1CAB248-F100-320E-A226-0016450411DE}.Release|win32.Build.0 = Release|win32
		{F1CAB248-F100-320E-A226-0016450411DE}.MinSizeRel|win32.ActiveCfg = MinSizeRel|win32
		{F1CAB248-F100-320E-A226-0016450411DE}.MinSizeRel|win32.Build.0 = MinSizeRel|win32
		{F1CAB248-F100-320E-A226-0016450411DE}.RelWithDebInfo|win32.ActiveCfg = RelWithDebInfo|win32
		{F1CAB248-F100-320E-A226-0016450411DE}.RelWithDebInfo|win32.Build.0 = RelWithDebInfo|win32
		{B7B4E90B-687C-3D21-81C1-85B9E20D8F37}.Debug|win32.ActiveCfg = Debug|win32
		{B7B4E90B-687C-3D21-81C1-85B9E20D8F37}.Release|win32.ActiveCfg = Release|win32
		{B7B4E90B-687C-3D21-81C1-85B9E20D8F37}.MinSizeRel|win32.ActiveCfg = MinSizeRel|win32
		{B7B4E90B-687C-3D21-81C1-85B9E20D8F37}.RelWithDebInfo|win32.ActiveCfg = RelWithDebInfo|win32
		{F122F9F3-0233-3495-B66E-06D7C9CF1AE6}.Debug|win32.ActiveCfg = Debug|win32
		{F122F9F3-0233-3495-B66E-06D7C9CF1AE6}.Debug|win32.Build.0 = Debug|win32
		{F122F9F3-0233-3495-B66E-06D7C9CF1AE6}.Release|win32.ActiveCfg = Release|win32
		{F122F9F3-0233-3495-B66E-06D7C9CF1AE6}.Release|win32.Build.0 = Release|win32
		{F122F9F3-0233-3495-B66E-06D7C9CF1AE6}.MinSizeRel|win32.ActiveCfg = MinSizeRel|win32
		{F122F9F3-0233-3495-B66E-06D7C9CF1AE6}.MinSizeRel|win32.Build.0 = MinSizeRel|win32
		{F122F9F3-0233-3495-B66E-06D7C9CF1AE6}.RelWithDebInfo|win32.ActiveCfg = RelWithDebInfo|win32
		{F122F9F3-0233-3495-B66E-06D7C9CF1AE6}.RelWithDebInfo|win32.Build.0 = RelWithDebInfo|win32
		{9CC16D91-7024-396F-AD5C-1A1229186EA7}.Debug|win32.ActiveCfg = Debug|win32
		{9CC16D91-7024-396F-AD5C-1A1229186EA7}.Debug|win32.Build.0 = Debug|win32
		{9CC16D91-7024-396F-AD5C-1A1229186EA7}.Release|win32.ActiveCfg = Release|win32
		{9CC16D91-7024-396F-AD5C-1A1229186EA7}.Release|win32.Build.0 = Release|win32
		{9CC16D91-7024-396F-AD5C-1A1229186EA7}.MinSizeRel|win32.ActiveCfg = MinSizeRel|win32
		{9CC16D91-7024-396F-AD5C-1A1229186EA7}.MinSizeRel|win32.Build.0 = MinSizeRel|win32
		{9CC16D91-7024-396F-AD5C-1A1229186EA7}.RelWithDebInfo|win32.ActiveCfg = RelWithDebInfo|win32
		{9CC16D91-7024-396F-AD5C-1A1229186EA7}.RelWithDebInfo|win32.Build.0 = RelWithDebInfo|win32
	EndGlobalSection
	GlobalSection(ExtensibilityGlobals) = postSolution
		SolutionGuid = {D8E400D5-D66F-34D6-8C13-465A874CDF9B}
	EndGlobalSection
	GlobalSection(ExtensibilityAddIns) = postSolution
	EndGlobalSection
EndGlobal
