<?xml version="1.0" encoding="utf-8"?>
<Project ToolsVersion="16.0" xmlns="http://schemas.microsoft.com/developer/msbuild/2003">
  <ItemGroup>
    <CustomBuild Include="Y:\pyedit\wbuild\CMakeFiles\462d1b0b8e98ae69dbef93668f00ff45\main.h.rule">
      <Filter>CMake Rules</Filter>
    </CustomBuild>
    <CustomBuild Include="Y:\pyedit\wbuild\CMakeFiles\c64c6a2e5e1a03f49ec6647fea4c8e58\CyBindings.rule">
      <Filter>CMake Rules</Filter>
    </CustomBuild>
    <CustomBuild Include="Y:\pyedit\pyedit_engine\CMakeLists.txt" />
  </ItemGroup>
  <ItemGroup>
    <None Include="Y:\pyedit\wbuild\pyedit_engine\CMakeFiles\CyBindings" />
  </ItemGroup>
  <ItemGroup>
    <Filter Include="CMake Rules">
      <UniqueIdentifier>{4A1F9279-07A0-3280-AED2-8077ACC5BD6C}</UniqueIdentifier>
    </Filter>
  </ItemGroup>
</Project>
