
Microsoft Visual Studio Solution File, Format Version 12.00
# Visual Studio Version 16
Project("{8BC9CEB8-8B4A-11D0-8D11-00A0C91BC942}") = "ALL_BUILD", "ALL_BUILD.vcxproj", "{F1CAB248-F100-320E-A226-0016450411DE}"
	ProjectSection(ProjectDependencies) = postProject
		{581D46ED-8061-3727-ACC0-44F1E86B1C58} = {581D46ED-8061-3727-ACC0-44F1E86B1C58}
		{F122F9F3-0233-3495-B66E-06D7C9CF1AE6} = {F122F9F3-0233-3495-B66E-06D7C9CF1AE6}
		{A4B76B14-C49E-3634-90E6-C318BF927C13} = {A4B76B14-C49E-3634-90E6-C318BF927C13}
	EndProjectSection
EndProject
Project("{8BC9CEB8-8B4A-11D0-8D11-00A0C91BC942}") = "CyBindings", "CyBindings.vcxproj", "{581D46ED-8061-3727-ACC0-44F1E86B1C58}"
	ProjectSection(ProjectDependencies) = postProject
		{F122F9F3-0233-3495-B66E-06D7C9CF1AE6} = {F122F9F3-0233-3495-B66E-06D7C9CF1AE6}
	EndProjectSection
EndProject
Project("{8BC9CEB8-8B4A-11D0-8D11-00A0C91BC942}") = "INSTALL", "INSTALL.vcxproj", "{B7B4E90B-687C-3D21-81C1-85B9E20D8F37}"
	ProjectSection(ProjectDependencies) = postProject
		{F1CAB248-F100-320E-A226-0016450411DE} = {F1CAB248-F100-320E-A226-0016450411DE}
		{F122F9F3-0233-3495-B66E-06D7C9CF1AE6} = {F122F9F3-0233-3495-B66E-06D7C9CF1AE6}
	EndProjectSection
EndProject
Project("{8BC9CEB8-8B4A-11D0-8D11-00A0C91BC942}") = "ZERO_CHECK", "..\\ZERO_CHECK.vcxproj", "{F122F9F3-0233-3495-B66E-06D7C9CF1AE6}"
	ProjectSection(ProjectDependencies) = postProject
	EndProjectSection
EndProject
Project("{8BC9CEB8-8B4A-11D0-8D11-00A0C91BC942}") = "pyedit_engine", "pyedit_engine.vcxproj", "{A4B76B14-C49E-3634-90E6-C318BF927C13}"
	ProjectSection(ProjectDependencies) = postProject
		{581D46ED-8061-3727-ACC0-44F1E86B1C58} = {581D46ED-8061-3727-ACC0-44F1E86B1C58}
		{F122F9F3-0233-3495-B66E-06D7C9CF1AE6} = {F122F9F3-0233-3495-B66E-06D7C9CF1AE6}
	EndProjectSection
EndProject
Global
	GlobalSection(SolutionConfigurationPlatforms) = preSolution
		Debug|win32 = Debug|win32
		Release|win32 = Release|win32
		MinSizeRel|win32 = MinSizeRel|win32
		RelWithDebInfo|win32 = RelWithDebInfo|win32
	EndGlobalSection
	GlobalSection(ProjectConfigurationPlatforms) = postSolution
		{F1CAB248-F100-320E-A226-0016450411DE}.Debug|win32.ActiveCfg = Debug|win32
		{F1CAB248-F100-320E-A226-0016450411DE}.Debug|win32.Build.0 = Debug|win32
		{F1CAB248-F100-320E-A226-0016450411DE}.Release|win32.ActiveCfg = Release|win32
		{F1CAB248-F100-320E-A226-0016450411DE}.Release|win32.Build.0 = Release|win32
		{F1CAB248-F100-320E-A226-0016450411DE}.MinSizeRel|win32.ActiveCfg = MinSizeRel|win32
		{F1CAB248-F100-320E-A226-0016450411DE}.MinSizeRel|win32.Build.0 = MinSizeRel|win32
		{F1CAB248-F100-320E-A226-0016450411DE}.RelWithDebInfo|win32.ActiveCfg = RelWithDebInfo|win32
		{F1CAB248-F100-320E-A226-0016450411DE}.RelWithDebInfo|win32.Build.0 = RelWithDebInfo|win32
		{581D46ED-8061-3727-ACC0-44F1E86B1C58}.Debug|win32.ActiveCfg = Debug|win32
		{581D46ED-8061-3727-ACC0-44F1E86B1C58}.Debug|win32.Build.0 = Debug|win32
		{581D46ED-8061-3727-ACC0-44F1E86B1C58}.Release|win32.ActiveCfg = Release|win32
		{581D46ED-8061-3727-ACC0-44F1E86B1C58}.Release|win32.Build.0 = Release|win32
		{581D46ED-8061-3727-ACC0-44F1E86B1C58}.MinSizeRel|win32.ActiveCfg = MinSizeRel|win32
		{581D46ED-8061-3727-ACC0-44F1E86B1C58}.MinSizeRel|win32.Build.0 = MinSizeRel|win32
		{581D46ED-8061-3727-ACC0-44F1E86B1C58}.RelWithDebInfo|win32.ActiveCfg = RelWithDebInfo|win32
		{581D46ED-8061-3727-ACC0-44F1E86B1C58}.RelWithDebInfo|win32.Build.0 = RelWithDebInfo|win32
		{B7B4E90B-687C-3D21-81C1-85B9E20D8F37}.Debug|win32.ActiveCfg = Debug|win32
		{B7B4E90B-687C-3D21-81C1-85B9E20D8F37}.Release|win32.ActiveCfg = Release|win32
		{B7B4E90B-687C-3D21-81C1-85B9E20D8F37}.MinSizeRel|win32.ActiveCfg = MinSizeRel|win32
		{B7B4E90B-687C-3D21-81C1-85B9E20D8F37}.RelWithDebInfo|win32.ActiveCfg = RelWithDebInfo|win32
		{F122F9F3-0233-3495-B66E-06D7C9CF1AE6}.Debug|win32.ActiveCfg = Debug|win32
		{F122F9F3-0233-3495-B66E-06D7C9CF1AE6}.Debug|win32.Build.0 = Debug|win32
		{F122F9F3-0233-3495-B66E-06D7C9CF1AE6}.Release|win32.ActiveCfg = Release|win32
		{F122F9F3-0233-3495-B66E-06D7C9CF1AE6}.Release|win32.Build.0 = Release|win32
		{F122F9F3-0233-3495-B66E-06D7C9CF1AE6}.MinSizeRel|win32.ActiveCfg = MinSizeRel|win32
		{F122F9F3-0233-3495-B66E-06D7C9CF1AE6}.MinSizeRel|win32.Build.0 = MinSizeRel|win32
		{F122F9F3-0233-3495-B66E-06D7C9CF1AE6}.RelWithDebInfo|win32.ActiveCfg = RelWithDebInfo|win32
		{F122F9F3-0233-3495-B66E-06D7C9CF1AE6}.RelWithDebInfo|win32.Build.0 = RelWithDebInfo|win32
		{A4B76B14-C49E-3634-90E6-C318BF927C13}.Debug|win32.ActiveCfg = Debug|win32
		{A4B76B14-C49E-3634-90E6-C318BF927C13}.Debug|win32.Build.0 = Debug|win32
		{A4B76B14-C49E-3634-90E6-C318BF927C13}.Release|win32.ActiveCfg = Release|win32
		{A4B76B14-C49E-3634-90E6-C318BF927C13}.Release|win32.Build.0 = Release|win32
		{A4B76B14-C49E-3634-90E6-C318BF927C13}.MinSizeRel|win32.ActiveCfg = MinSizeRel|win32
		{A4B76B14-C49E-3634-90E6-C318BF927C13}.MinSizeRel|win32.Build.0 = MinSizeRel|win32
		{A4B76B14-C49E-3634-90E6-C318BF927C13}.RelWithDebInfo|win32.ActiveCfg = RelWithDebInfo|win32
		{A4B76B14-C49E-3634-90E6-C318BF927C13}.RelWithDebInfo|win32.Build.0 = RelWithDebInfo|win32
	EndGlobalSection
	GlobalSection(ExtensibilityGlobals) = postSolution
		SolutionGuid = {FBD84F7F-09D1-346B-BFA9-7870415DA00D}
	EndGlobalSection
	GlobalSection(ExtensibilityAddIns) = postSolution
	EndGlobalSection
EndGlobal
