
Microsoft Visual Studio Solution File, Format Version 12.00
# Visual Studio Version 16
Project("{8BC9CEB8-8B4A-11D0-8D11-00A0C91BC942}") = "ALL_BUILD", "ALL_BUILD.vcxproj", "{F1CAB248-F100-320E-A226-0016450411DE}"
	ProjectSection(ProjectDependencies) = postProject
		{F122F9F3-0233-3495-B66E-06D7C9CF1AE6} = {F122F9F3-0233-3495-B66E-06D7C9CF1AE6}
	EndProjectSection
EndProject
Project("{8BC9CEB8-8B4A-11D0-8D11-00A0C91BC942}") = "Continuous", "Continuous.vcxproj", "{C741ADF8-393D-3070-8873-144368AAA33D}"
	ProjectSection(ProjectDependencies) = postProject
		{F122F9F3-0233-3495-B66E-06D7C9CF1AE6} = {F122F9F3-0233-3495-B66E-06D7C9CF1AE6}
	EndProjectSection
EndProject
Project("{8BC9CEB8-8B4A-11D0-8D11-00A0C91BC942}") = "Experimental", "Experimental.vcxproj", "{5A72C1F8-20A9-36A5-9C52-078250423133}"
	ProjectSection(ProjectDependencies) = postProject
		{F122F9F3-0233-3495-B66E-06D7C9CF1AE6} = {F122F9F3-0233-3495-B66E-06D7C9CF1AE6}
	EndProjectSection
EndProject
Project("{8BC9CEB8-8B4A-11D0-8D11-00A0C91BC942}") = "INSTALL", "INSTALL.vcxproj", "{B7B4E90B-687C-3D21-81C1-85B9E20D8F37}"
	ProjectSection(ProjectDependencies) = postProject
		{F1CAB248-F100-320E-A226-0016450411DE} = {F1CAB248-F100-320E-A226-0016450411DE}
		{F122F9F3-0233-3495-B66E-06D7C9CF1AE6} = {F122F9F3-0233-3495-B66E-06D7C9CF1AE6}
	EndProjectSection
EndProject
Project("{8BC9CEB8-8B4A-11D0-8D11-00A0C91BC942}") = "Nightly", "Nightly.vcxproj", "{E21C0510-C6E8-3DAE-AA90-33BC11C4430E}"
	ProjectSection(ProjectDependencies) = postProject
		{F122F9F3-0233-3495-B66E-06D7C9CF1AE6} = {F122F9F3-0233-3495-B66E-06D7C9CF1AE6}
	EndProjectSection
EndProject
Project("{8BC9CEB8-8B4A-11D0-8D11-00A0C91BC942}") = "NightlyMemoryCheck", "NightlyMemoryCheck.vcxproj", "{5498BC8A-3563-3DC3-9291-CE41445357F3}"
	ProjectSection(ProjectDependencies) = postProject
		{F122F9F3-0233-3495-B66E-06D7C9CF1AE6} = {F122F9F3-0233-3495-B66E-06D7C9CF1AE6}
	EndProjectSection
EndProject
Project("{8BC9CEB8-8B4A-11D0-8D11-00A0C91BC942}") = "ZERO_CHECK", "..\\ZERO_CHECK.vcxproj", "{F122F9F3-0233-3495-B66E-06D7C9CF1AE6}"
	ProjectSection(ProjectDependencies) = postProject
	EndProjectSection
EndProject
Project("{8BC9CEB8-8B4A-11D0-8D11-00A0C91BC942}") = "travis_doc", "travis_doc.vcxproj", "{379BA8CA-DA8C-3133-AA9F-118073753CAD}"
	ProjectSection(ProjectDependencies) = postProject
		{F122F9F3-0233-3495-B66E-06D7C9CF1AE6} = {F122F9F3-0233-3495-B66E-06D7C9CF1AE6}
	EndProjectSection
EndProject
Global
	GlobalSection(SolutionConfigurationPlatforms) = preSolution
		Debug|win32 = Debug|win32
		Release|win32 = Release|win32
		MinSizeRel|win32 = MinSizeRel|win32
		RelWithDebInfo|win32 = RelWithDebInfo|win32
	EndGlobalSection
	GlobalSection(ProjectConfigurationPlatforms) = postSolution
		{F1CAB248-F100-320E-A226-0016450411DE}.Debug|win32.ActiveCfg = Debug|win32
		{F1CAB248-F100-320E-A226-0016450411DE}.Debug|win32.Build.0 = Debug|win32
		{F1CAB248-F100-320E-A226-0016450411DE}.Release|win32.ActiveCfg = Release|win32
		{F1CAB248-F100-320E-A226-0016450411DE}.Release|win32.Build.0 = Release|win32
		{F1CAB248-F100-320E-A226-0016450411DE}.MinSizeRel|win32.ActiveCfg = MinSizeRel|win32
		{F1CAB248-F100-320E-A226-0016450411DE}.MinSizeRel|win32.Build.0 = MinSizeRel|win32
		{F1CAB248-F100-320E-A226-0016450411DE}.RelWithDebInfo|win32.ActiveCfg = RelWithDebInfo|win32
		{F1CAB248-F100-320E-A226-0016450411DE}.RelWithDebInfo|win32.Build.0 = RelWithDebInfo|win32
		{C741ADF8-393D-3070-8873-144368AAA33D}.Debug|win32.ActiveCfg = Debug|win32
		{C741ADF8-393D-3070-8873-144368AAA33D}.Release|win32.ActiveCfg = Release|win32
		{C741ADF8-393D-3070-8873-144368AAA33D}.MinSizeRel|win32.ActiveCfg = MinSizeRel|win32
		{C741ADF8-393D-3070-8873-144368AAA33D}.RelWithDebInfo|win32.ActiveCfg = RelWithDebInfo|win32
		{5A72C1F8-20A9-36A5-9C52-078250423133}.Debug|win32.ActiveCfg = Debug|win32
		{5A72C1F8-20A9-36A5-9C52-078250423133}.Release|win32.ActiveCfg = Release|win32
		{5A72C1F8-20A9-36A5-9C52-078250423133}.MinSizeRel|win32.ActiveCfg = MinSizeRel|win32
		{5A72C1F8-20A9-36A5-9C52-078250423133}.RelWithDebInfo|win32.ActiveCfg = RelWithDebInfo|win32
		{B7B4E90B-687C-3D21-81C1-85B9E20D8F37}.Debug|win32.ActiveCfg = Debug|win32
		{B7B4E90B-687C-3D21-81C1-85B9E20D8F37}.Release|win32.ActiveCfg = Release|win32
		{B7B4E90B-687C-3D21-81C1-85B9E20D8F37}.MinSizeRel|win32.ActiveCfg = MinSizeRel|win32
		{B7B4E90B-687C-3D21-81C1-85B9E20D8F37}.RelWithDebInfo|win32.ActiveCfg = RelWithDebInfo|win32
		{E21C0510-C6E8-3DAE-AA90-33BC11C4430E}.Debug|win32.ActiveCfg = Debug|win32
		{E21C0510-C6E8-3DAE-AA90-33BC11C4430E}.Release|win32.ActiveCfg = Release|win32
		{E21C0510-C6E8-3DAE-AA90-33BC11C4430E}.MinSizeRel|win32.ActiveCfg = MinSizeRel|win32
		{E21C0510-C6E8-3DAE-AA90-33BC11C4430E}.RelWithDebInfo|win32.ActiveCfg = RelWithDebInfo|win32
		{5498BC8A-3563-3DC3-9291-CE41445357F3}.Debug|win32.ActiveCfg = Debug|win32
		{5498BC8A-3563-3DC3-9291-CE41445357F3}.Release|win32.ActiveCfg = Release|win32
		{5498BC8A-3563-3DC3-9291-CE41445357F3}.MinSizeRel|win32.ActiveCfg = MinSizeRel|win32
		{5498BC8A-3563-3DC3-9291-CE41445357F3}.RelWithDebInfo|win32.ActiveCfg = RelWithDebInfo|win32
		{F122F9F3-0233-3495-B66E-06D7C9CF1AE6}.Debug|win32.ActiveCfg = Debug|win32
		{F122F9F3-0233-3495-B66E-06D7C9CF1AE6}.Debug|win32.Build.0 = Debug|win32
		{F122F9F3-0233-3495-B66E-06D7C9CF1AE6}.Release|win32.ActiveCfg = Release|win32
		{F122F9F3-0233-3495-B66E-06D7C9CF1AE6}.Release|win32.Build.0 = Release|win32
		{F122F9F3-0233-3495-B66E-06D7C9CF1AE6}.MinSizeRel|win32.ActiveCfg = MinSizeRel|win32
		{F122F9F3-0233-3495-B66E-06D7C9CF1AE6}.MinSizeRel|win32.Build.0 = MinSizeRel|win32
		{F122F9F3-0233-3495-B66E-06D7C9CF1AE6}.RelWithDebInfo|win32.ActiveCfg = RelWithDebInfo|win32
		{F122F9F3-0233-3495-B66E-06D7C9CF1AE6}.RelWithDebInfo|win32.Build.0 = RelWithDebInfo|win32
		{379BA8CA-DA8C-3133-AA9F-118073753CAD}.Debug|win32.ActiveCfg = Debug|win32
		{379BA8CA-DA8C-3133-AA9F-118073753CAD}.Release|win32.ActiveCfg = Release|win32
		{379BA8CA-DA8C-3133-AA9F-118073753CAD}.MinSizeRel|win32.ActiveCfg = MinSizeRel|win32
		{379BA8CA-DA8C-3133-AA9F-118073753CAD}.RelWithDebInfo|win32.ActiveCfg = RelWithDebInfo|win32
	EndGlobalSection
	GlobalSection(ExtensibilityGlobals) = postSolution
		SolutionGuid = {76D6CB51-F369-3D52-BC49-C1636EFA5BA1}
	EndGlobalSection
	GlobalSection(ExtensibilityAddIns) = postSolution
	EndGlobalSection
EndGlobal
